// !$*UTF8*$!
{
	archiveVersion = 1;
	classes = {
	};
	objectVersion = 56;
	objects = {

/* Begin PBXBuildFile section */
		1BCD6ABE2B2692BB000A274D /* AppDelegate.swift in Sources */ = {isa = PBXBuildFile; fileRef = 1BCD6ABD2B2692BB000A274D /* AppDelegate.swift */; };
		1BCD6AC02B2692BB000A274D /* SceneDelegate.swift in Sources */ = {isa = PBXBuildFile; fileRef = 1BCD6ABF2B2692BB000A274D /* SceneDelegate.swift */; };
		1BCD6AC22B2692BB000A274D /* WeatherViewController.swift in Sources */ = {isa = PBXBuildFile; fileRef = 1BCD6AC12B2692BB000A274D /* WeatherViewController.swift */; };
		1BCD6AC72B2692BC000A274D /* Assets.xcassets in Resources */ = {isa = PBXBuildFile; fileRef = 1BCD6AC62B2692BC000A274D /* Assets.xcassets */; };
		1BCD6ACA2B2692BC000A274D /* LaunchScreen.storyboard in Resources */ = {isa = PBXBuildFile; fileRef = 1BCD6AC82B2692BC000A274D /* LaunchScreen.storyboard */; };
		1BCD6AD92B26956A000A274D /* LocationManager.swift in Sources */ = {isa = PBXBuildFile; fileRef = 1BCD6AD82B26956A000A274D /* LocationManager.swift */; };
		1BCD6ADB2B269578000A274D /* IAPManager.swift in Sources */ = {isa = PBXBuildFile; fileRef = 1BCD6ADA2B269578000A274D /* IAPManager.swift */; };
		1BCD6ADD2B26958E000A274D /* WeatherManager.swift in Sources */ = {isa = PBXBuildFile; fileRef = 1BCD6ADC2B26958E000A274D /* WeatherManager.swift */; };
		1BCD6ADF2B26BA6A000A274D /* SettingsViewController.swift in Sources */ = {isa = PBXBuildFile; fileRef = 1BCD6ADE2B26BA6A000A274D /* SettingsViewController.swift */; };
		1BCD6AE12B26BAB7000A274D /* TabViewController.swift in Sources */ = {isa = PBXBuildFile; fileRef = 1BCD6AE02B26BAB7000A274D /* TabViewController.swift */; };
		1BCD6AE32B26BD62000A274D /* CurrentWeatherView.swift in Sources */ = {isa = PBXBuildFile; fileRef = 1BCD6AE22B26BD62000A274D /* CurrentWeatherView.swift */; };
		1BCD6AE52B26BD9B000A274D /* SettingsView.swift in Sources */ = {isa = PBXBuildFile; fileRef = 1BCD6AE42B26BD9B000A274D /* SettingsView.swift */; };
		1BCD6AE72B26FEF5000A274D /* SettingViewModel.swift in Sources */ = {isa = PBXBuildFile; fileRef = 1BCD6AE62B26FEF5000A274D /* SettingViewModel.swift */; };
		1BCD6AE92B2708FA000A274D /* CurrentWeatherSection.swift in Sources */ = {isa = PBXBuildFile; fileRef = 1BCD6AE82B2708FA000A274D /* CurrentWeatherSection.swift */; };
		1BCD6AEC2B270AD5000A274D /* CurrentWeatherCollectionViewCell.swift in Sources */ = {isa = PBXBuildFile; fileRef = 1BCD6AEB2B270AD4000A274D /* CurrentWeatherCollectionViewCell.swift */; };
		1BCD6AEE2B270B2B000A274D /* DailyWeatherCollectionViewCell.swift in Sources */ = {isa = PBXBuildFile; fileRef = 1BCD6AED2B270B2B000A274D /* DailyWeatherCollectionViewCell.swift */; };
		1BCD6AF02B270B31000A274D /* HourlyCollectionViewCell.swift in Sources */ = {isa = PBXBuildFile; fileRef = 1BCD6AEF2B270B31000A274D /* HourlyCollectionViewCell.swift */; };
/* End PBXBuildFile section */

/* Begin PBXFileReference section */
		1BCD6ABA2B2692BB000A274D /* BrightSky.app */ = {isa = PBXFileReference; explicitFileType = wrapper.application; includeInIndex = 0; path = BrightSky.app; sourceTree = BUILT_PRODUCTS_DIR; };
		1BCD6ABD2B2692BB000A274D /* AppDelegate.swift */ = {isa = PBXFileReference; lastKnownFileType = sourcecode.swift; path = AppDelegate.swift; sourceTree = "<group>"; };
		1BCD6ABF2B2692BB000A274D /* SceneDelegate.swift */ = {isa = PBXFileReference; lastKnownFileType = sourcecode.swift; path = SceneDelegate.swift; sourceTree = "<group>"; };
		1BCD6AC12B2692BB000A274D /* WeatherViewController.swift */ = {isa = PBXFileReference; lastKnownFileType = sourcecode.swift; path = WeatherViewController.swift; sourceTree = "<group>"; };
		1BCD6AC62B2692BC000A274D /* Assets.xcassets */ = {isa = PBXFileReference; lastKnownFileType = folder.assetcatalog; path = Assets.xcassets; sourceTree = "<group>"; };
		1BCD6AC92B2692BC000A274D /* Base */ = {isa = PBXFileReference; lastKnownFileType = file.storyboard; name = Base; path = Base.lproj/LaunchScreen.storyboard; sourceTree = "<group>"; };
		1BCD6ACB2B2692BC000A274D /* Info.plist */ = {isa = PBXFileReference; lastKnownFileType = text.plist.xml; path = Info.plist; sourceTree = "<group>"; };
		1BCD6AD12B26935F000A274D /* BrightSky.entitlements */ = {isa = PBXFileReference; lastKnownFileType = text.plist.entitlements; path = BrightSky.entitlements; sourceTree = "<group>"; };
		1BCD6AD82B26956A000A274D /* LocationManager.swift */ = {isa = PBXFileReference; lastKnownFileType = sourcecode.swift; path = LocationManager.swift; sourceTree = "<group>"; };
		1BCD6ADA2B269578000A274D /* IAPManager.swift */ = {isa = PBXFileReference; lastKnownFileType = sourcecode.swift; path = IAPManager.swift; sourceTree = "<group>"; };
		1BCD6ADC2B26958E000A274D /* WeatherManager.swift */ = {isa = PBXFileReference; lastKnownFileType = sourcecode.swift; path = WeatherManager.swift; sourceTree = "<group>"; };
		1BCD6ADE2B26BA6A000A274D /* SettingsViewController.swift */ = {isa = PBXFileReference; lastKnownFileType = sourcecode.swift; path = SettingsViewController.swift; sourceTree = "<group>"; };
		1BCD6AE02B26BAB7000A274D /* TabViewController.swift */ = {isa = PBXFileReference; lastKnownFileType = sourcecode.swift; path = TabViewController.swift; sourceTree = "<group>"; };
		1BCD6AE22B26BD62000A274D /* CurrentWeatherView.swift */ = {isa = PBXFileReference; lastKnownFileType = sourcecode.swift; path = CurrentWeatherView.swift; sourceTree = "<group>"; };
		1BCD6AE42B26BD9B000A274D /* SettingsView.swift */ = {isa = PBXFileReference; lastKnownFileType = sourcecode.swift; path = SettingsView.swift; sourceTree = "<group>"; };
		1BCD6AE62B26FEF5000A274D /* SettingViewModel.swift */ = {isa = PBXFileReference; lastKnownFileType = sourcecode.swift; path = SettingViewModel.swift; sourceTree = "<group>"; };
		1BCD6AE82B2708FA000A274D /* CurrentWeatherSection.swift */ = {isa = PBXFileReference; lastKnownFileType = sourcecode.swift; path = CurrentWeatherSection.swift; sourceTree = "<group>"; };
		1BCD6AEB2B270AD4000A274D /* CurrentWeatherCollectionViewCell.swift */ = {isa = PBXFileReference; lastKnownFileType = sourcecode.swift; path = CurrentWeatherCollectionViewCell.swift; sourceTree = "<group>"; };
		1BCD6AED2B270B2B000A274D /* DailyWeatherCollectionViewCell.swift */ = {isa = PBXFileReference; lastKnownFileType = sourcecode.swift; path = DailyWeatherCollectionViewCell.swift; sourceTree = "<group>"; };
		1BCD6AEF2B270B31000A274D /* HourlyCollectionViewCell.swift */ = {isa = PBXFileReference; lastKnownFileType = sourcecode.swift; path = HourlyCollectionViewCell.swift; sourceTree = "<group>"; };
/* End PBXFileReference section */

/* Begin PBXFrameworksBuildPhase section */
		1BCD6AB72B2692BB000A274D /* Frameworks */ = {
			isa = PBXFrameworksBuildPhase;
			buildActionMask = 2147483647;
			files = (
			);
			runOnlyForDeploymentPostprocessing = 0;
		};
/* End PBXFrameworksBuildPhase section */

/* Begin PBXGroup section */
		1BCD6AB12B2692BB000A274D = {
			isa = PBXGroup;
			children = (
				1BCD6ABC2B2692BB000A274D /* BrightSky */,
				1BCD6ABB2B2692BB000A274D /* Products */,
			);
			sourceTree = "<group>";
		};
		1BCD6ABB2B2692BB000A274D /* Products */ = {
			isa = PBXGroup;
			children = (
				1BCD6ABA2B2692BB000A274D /* BrightSky.app */,
			);
			name = Products;
			sourceTree = "<group>";
		};
		1BCD6ABC2B2692BB000A274D /* BrightSky */ = {
			isa = PBXGroup;
			children = (
				1BCD6AD72B26952C000A274D /* Managers */,
				1BCD6AD62B26950A000A274D /* Others */,
				1BCD6AD52B269505000A274D /* Controllers */,
				1BCD6AD42B269501000A274D /* Models */,
				1BCD6AD32B2694FC000A274D /* ViewModels */,
				1BCD6AD22B2694F6000A274D /* Views */,
				1BCD6AD12B26935F000A274D /* BrightSky.entitlements */,
				1BCD6ACB2B2692BC000A274D /* Info.plist */,
			);
			path = BrightSky;
			sourceTree = "<group>";
		};
		1BCD6AD22B2694F6000A274D /* Views */ = {
			isa = PBXGroup;
			children = (
				1BCD6AEA2B270AAE000A274D /* WeatherCell */,
				1BCD6AE22B26BD62000A274D /* CurrentWeatherView.swift */,
				1BCD6AE42B26BD9B000A274D /* SettingsView.swift */,
			);
			path = Views;
			sourceTree = "<group>";
		};
		1BCD6AD32B2694FC000A274D /* ViewModels */ = {
			isa = PBXGroup;
			children = (
				1BCD6AE62B26FEF5000A274D /* SettingViewModel.swift */,
				1BCD6AE82B2708FA000A274D /* CurrentWeatherSection.swift */,
			);
			path = ViewModels;
			sourceTree = "<group>";
		};
		1BCD6AD42B269501000A274D /* Models */ = {
			isa = PBXGroup;
			children = (
			);
			path = Models;
			sourceTree = "<group>";
		};
		1BCD6AD52B269505000A274D /* Controllers */ = {
			isa = PBXGroup;
			children = (
				1BCD6AC12B2692BB000A274D /* WeatherViewController.swift */,
				1BCD6ADE2B26BA6A000A274D /* SettingsViewController.swift */,
				1BCD6AE02B26BAB7000A274D /* TabViewController.swift */,
			);
			path = Controllers;
			sourceTree = "<group>";
		};
		1BCD6AD62B26950A000A274D /* Others */ = {
			isa = PBXGroup;
			children = (
				1BCD6ABD2B2692BB000A274D /* AppDelegate.swift */,
				1BCD6ABF2B2692BB000A274D /* SceneDelegate.swift */,
				1BCD6AC62B2692BC000A274D /* Assets.xcassets */,
				1BCD6AC82B2692BC000A274D /* LaunchScreen.storyboard */,
			);
			path = Others;
			sourceTree = "<group>";
		};
		1BCD6AD72B26952C000A274D /* Managers */ = {
			isa = PBXGroup;
			children = (
				1BCD6AD82B26956A000A274D /* LocationManager.swift */,
				1BCD6ADA2B269578000A274D /* IAPManager.swift */,
				1BCD6ADC2B26958E000A274D /* WeatherManager.swift */,
			);
			path = Managers;
			sourceTree = "<group>";
		};
		1BCD6AEA2B270AAE000A274D /* WeatherCell */ = {
			isa = PBXGroup;
			children = (
				1BCD6AEB2B270AD4000A274D /* CurrentWeatherCollectionViewCell.swift */,
				1BCD6AED2B270B2B000A274D /* DailyWeatherCollectionViewCell.swift */,
				1BCD6AEF2B270B31000A274D /* HourlyCollectionViewCell.swift */,
			);
			path = WeatherCell;
			sourceTree = "<group>";
		};
/* End PBXGroup section */

/* Begin PBXNativeTarget section */
		1BCD6AB92B2692BB000A274D /* BrightSky */ = {
			isa = PBXNativeTarget;
			buildConfigurationList = 1BCD6ACE2B2692BC000A274D /* Build configuration list for PBXNativeTarget "BrightSky" */;
			buildPhases = (
				1BCD6AB62B2692BB000A274D /* Sources */,
				1BCD6AB72B2692BB000A274D /* Frameworks */,
				1BCD6AB82B2692BB000A274D /* Resources */,
			);
			buildRules = (
			);
			dependencies = (
			);
			name = BrightSky;
			productName = BrightSky;
			productReference = 1BCD6ABA2B2692BB000A274D /* BrightSky.app */;
			productType = "com.apple.product-type.application";
		};
/* End PBXNativeTarget section */

/* Begin PBXProject section */
		1BCD6AB22B2692BB000A274D /* Project object */ = {
			isa = PBXProject;
			attributes = {
				BuildIndependentTargetsInParallel = 1;
				LastSwiftUpdateCheck = 1500;
				LastUpgradeCheck = 1500;
				TargetAttributes = {
					1BCD6AB92B2692BB000A274D = {
						CreatedOnToolsVersion = 15.0.1;
					};
				};
			};
			buildConfigurationList = 1BCD6AB52B2692BB000A274D /* Build configuration list for PBXProject "BrightSky" */;
			compatibilityVersion = "Xcode 14.0";
			developmentRegion = en;
			hasScannedForEncodings = 0;
			knownRegions = (
				en,
				Base,
			);
			mainGroup = 1BCD6AB12B2692BB000A274D;
			productRefGroup = 1BCD6ABB2B2692BB000A274D /* Products */;
			projectDirPath = "";
			projectRoot = "";
			targets = (
				1BCD6AB92B2692BB000A274D /* BrightSky */,
			);
		};
/* End PBXProject section */

/* Begin PBXResourcesBuildPhase section */
		1BCD6AB82B2692BB000A274D /* Resources */ = {
			isa = PBXResourcesBuildPhase;
			buildActionMask = 2147483647;
			files = (
				1BCD6ACA2B2692BC000A274D /* LaunchScreen.storyboard in Resources */,
				1BCD6AC72B2692BC000A274D /* Assets.xcassets in Resources */,
			);
			runOnlyForDeploymentPostprocessing = 0;
		};
/* End PBXResourcesBuildPhase section */

/* Begin PBXSourcesBuildPhase section */
		1BCD6AB62B2692BB000A274D /* Sources */ = {
			isa = PBXSourcesBuildPhase;
			buildActionMask = 2147483647;
			files = (
				1BCD6AE12B26BAB7000A274D /* TabViewController.swift in Sources */,
				1BCD6ADD2B26958E000A274D /* WeatherManager.swift in Sources */,
				1BCD6AD92B26956A000A274D /* LocationManager.swift in Sources */,
				1BCD6AE32B26BD62000A274D /* CurrentWeatherView.swift in Sources */,
				1BCD6ADF2B26BA6A000A274D /* SettingsViewController.swift in Sources */,
				1BCD6AE52B26BD9B000A274D /* SettingsView.swift in Sources */,
				1BCD6ADB2B269578000A274D /* IAPManager.swift in Sources */,
				1BCD6AEE2B270B2B000A274D /* DailyWeatherCollectionViewCell.swift in Sources */,
				1BCD6AC22B2692BB000A274D /* WeatherViewController.swift in Sources */,
				1BCD6AE72B26FEF5000A274D /* SettingViewModel.swift in Sources */,
				1BCD6ABE2B2692BB000A274D /* AppDelegate.swift in Sources */,
				1BCD6AE92B2708FA000A274D /* CurrentWeatherSection.swift in Sources */,
				1BCD6AC02B2692BB000A274D /* SceneDelegate.swift in Sources */,
				1BCD6AEC2B270AD5000A274D /* CurrentWeatherCollectionViewCell.swift in Sources */,
				1BCD6AF02B270B31000A274D /* HourlyCollectionViewCell.swift in Sources */,
			);
			runOnlyForDeploymentPostprocessing = 0;
		};
/* End PBXSourcesBuildPhase section */

/* Begin PBXVariantGroup section */
		1BCD6AC82B2692BC000A274D /* LaunchScreen.storyboard */ = {
			isa = PBXVariantGroup;
			children = (
				1BCD6AC92B2692BC000A274D /* Base */,
			);
			name = LaunchScreen.storyboard;
			sourceTree = "<group>";
		};
/* End PBXVariantGroup section */

/* Begin XCBuildConfiguration section */
		1BCD6ACC2B2692BC000A274D /* Debug */ = {
			isa = XCBuildConfiguration;
			buildSettings = {
				ALWAYS_SEARCH_USER_PATHS = NO;
				ASSETCATALOG_COMPILER_GENERATE_SWIFT_ASSET_SYMBOL_EXTENSIONS = YES;
				CLANG_ANALYZER_NONNULL = YES;
				CLANG_ANALYZER_NUMBER_OBJECT_CONVERSION = YES_AGGRESSIVE;
				CLANG_CXX_LANGUAGE_STANDARD = "gnu++20";
				CLANG_ENABLE_MODULES = YES;
				CLANG_ENABLE_OBJC_ARC = YES;
				CLANG_ENABLE_OBJC_WEAK = YES;
				CLANG_WARN_BLOCK_CAPTURE_AUTORELEASING = YES;
				CLANG_WARN_BOOL_CONVERSION = YES;
				CLANG_WARN_COMMA = YES;
				CLANG_WARN_CONSTANT_CONVERSION = YES;
				CLANG_WARN_DEPRECATED_OBJC_IMPLEMENTATIONS = YES;
				CLANG_WARN_DIRECT_OBJC_ISA_USAGE = YES_ERROR;
				CLANG_WARN_DOCUMENTATION_COMMENTS = YES;
				CLANG_WARN_EMPTY_BODY = YES;
				CLANG_WARN_ENUM_CONVERSION = YES;
				CLANG_WARN_INFINITE_RECURSION = YES;
				CLANG_WARN_INT_CONVERSION = YES;
				CLANG_WARN_NON_LITERAL_NULL_CONVERSION = YES;
				CLANG_WARN_OBJC_IMPLICIT_RETAIN_SELF = YES;
				CLANG_WARN_OBJC_LITERAL_CONVERSION = YES;
				CLANG_WARN_OBJC_ROOT_CLASS = YES_ERROR;
				CLANG_WARN_QUOTED_INCLUDE_IN_FRAMEWORK_HEADER = YES;
				CLANG_WARN_RANGE_LOOP_ANALYSIS = YES;
				CLANG_WARN_STRICT_PROTOTYPES = YES;
				CLANG_WARN_SUSPICIOUS_MOVE = YES;
				CLANG_WARN_UNGUARDED_AVAILABILITY = YES_AGGRESSIVE;
				CLANG_WARN_UNREACHABLE_CODE = YES;
				CLANG_WARN__DUPLICATE_METHOD_MATCH = YES;
				COPY_PHASE_STRIP = NO;
				DEBUG_INFORMATION_FORMAT = dwarf;
				ENABLE_STRICT_OBJC_MSGSEND = YES;
				ENABLE_TESTABILITY = YES;
				ENABLE_USER_SCRIPT_SANDBOXING = YES;
				GCC_C_LANGUAGE_STANDARD = gnu17;
				GCC_DYNAMIC_NO_PIC = NO;
				GCC_NO_COMMON_BLOCKS = YES;
				GCC_OPTIMIZATION_LEVEL = 0;
				GCC_PREPROCESSOR_DEFINITIONS = (
					"DEBUG=1",
					"$(inherited)",
				);
				GCC_WARN_64_TO_32_BIT_CONVERSION = YES;
				GCC_WARN_ABOUT_RETURN_TYPE = YES_ERROR;
				GCC_WARN_UNDECLARED_SELECTOR = YES;
				GCC_WARN_UNINITIALIZED_AUTOS = YES_AGGRESSIVE;
				GCC_WARN_UNUSED_FUNCTION = YES;
				GCC_WARN_UNUSED_VARIABLE = YES;
				IPHONEOS_DEPLOYMENT_TARGET = 16.0;
				LOCALIZATION_PREFERS_STRING_CATALOGS = YES;
				MTL_ENABLE_DEBUG_INFO = INCLUDE_SOURCE;
				MTL_FAST_MATH = YES;
				ONLY_ACTIVE_ARCH = YES;
				SDKROOT = iphoneos;
				SWIFT_ACTIVE_COMPILATION_CONDITIONS = "DEBUG $(inherited)";
				SWIFT_OPTIMIZATION_LEVEL = "-Onone";
			};
			name = Debug;
		};
		1BCD6ACD2B2692BC000A274D /* Release */ = {
			isa = XCBuildConfiguration;
			buildSettings = {
				ALWAYS_SEARCH_USER_PATHS = NO;
				ASSETCATALOG_COMPILER_GENERATE_SWIFT_ASSET_SYMBOL_EXTENSIONS = YES;
				CLANG_ANALYZER_NONNULL = YES;
				CLANG_ANALYZER_NUMBER_OBJECT_CONVERSION = YES_AGGRESSIVE;
				CLANG_CXX_LANGUAGE_STANDARD = "gnu++20";
				CLANG_ENABLE_MODULES = YES;
				CLANG_ENABLE_OBJC_ARC = YES;
				CLANG_ENABLE_OBJC_WEAK = YES;
				CLANG_WARN_BLOCK_CAPTURE_AUTORELEASING = YES;
				CLANG_WARN_BOOL_CONVERSION = YES;
				CLANG_WARN_COMMA = YES;
				CLANG_WARN_CONSTANT_CONVERSION = YES;
				CLANG_WARN_DEPRECATED_OBJC_IMPLEMENTATIONS = YES;
				CLANG_WARN_DIRECT_OBJC_ISA_USAGE = YES_ERROR;
				CLANG_WARN_DOCUMENTATION_COMMENTS = YES;
				CLANG_WARN_EMPTY_BODY = YES;
				CLANG_WARN_ENUM_CONVERSION = YES;
				CLANG_WARN_INFINITE_RECURSION = YES;
				CLANG_WARN_INT_CONVERSION = YES;
				CLANG_WARN_NON_LITERAL_NULL_CONVERSION = YES;
				CLANG_WARN_OBJC_IMPLICIT_RETAIN_SELF = YES;
				CLANG_WARN_OBJC_LITERAL_CONVERSION = YES;
				CLANG_WARN_OBJC_ROOT_CLASS = YES_ERROR;
				CLANG_WARN_QUOTED_INCLUDE_IN_FRAMEWORK_HEADER = YES;
				CLANG_WARN_RANGE_LOOP_ANALYSIS = YES;
				CLANG_WARN_STRICT_PROTOTYPES = YES;
				CLANG_WARN_SUSPICIOUS_MOVE = YES;
				CLANG_WARN_UNGUARDED_AVAILABILITY = YES_AGGRESSIVE;
				CLANG_WARN_UNREACHABLE_CODE = YES;
				CLANG_WARN__DUPLICATE_METHOD_MATCH = YES;
				COPY_PHASE_STRIP = NO;
				DEBUG_INFORMATION_FORMAT = "dwarf-with-dsym";
				ENABLE_NS_ASSERTIONS = NO;
				ENABLE_STRICT_OBJC_MSGSEND = YES;
				ENABLE_USER_SCRIPT_SANDBOXING = YES;
				GCC_C_LANGUAGE_STANDARD = gnu17;
				GCC_NO_COMMON_BLOCKS = YES;
				GCC_WARN_64_TO_32_BIT_CONVERSION = YES;
				GCC_WARN_ABOUT_RETURN_TYPE = YES_ERROR;
				GCC_WARN_UNDECLARED_SELECTOR = YES;
				GCC_WARN_UNINITIALIZED_AUTOS = YES_AGGRESSIVE;
				GCC_WARN_UNUSED_FUNCTION = YES;
				GCC_WARN_UNUSED_VARIABLE = YES;
				IPHONEOS_DEPLOYMENT_TARGET = 16.0;
				LOCALIZATION_PREFERS_STRING_CATALOGS = YES;
				MTL_ENABLE_DEBUG_INFO = NO;
				MTL_FAST_MATH = YES;
				SDKROOT = iphoneos;
				SWIFT_COMPILATION_MODE = wholemodule;
				VALIDATE_PRODUCT = YES;
			};
			name = Release;
		};
		1BCD6ACF2B2692BC000A274D /* Debug */ = {
			isa = XCBuildConfiguration;
			buildSettings = {
				ASSETCATALOG_COMPILER_APPICON_NAME = AppIcon;
				ASSETCATALOG_COMPILER_GLOBAL_ACCENT_COLOR_NAME = AccentColor;
				CODE_SIGN_ENTITLEMENTS = BrightSky/BrightSky.entitlements;
				CODE_SIGN_STYLE = Automatic;
				CURRENT_PROJECT_VERSION = 1;
				DEVELOPMENT_TEAM = K7U2974RH8;
				GENERATE_INFOPLIST_FILE = YES;
				INFOPLIST_FILE = BrightSky/Info.plist;
				INFOPLIST_KEY_UIApplicationSupportsIndirectInputEvents = YES;
				INFOPLIST_KEY_UILaunchStoryboardName = LaunchScreen;
				INFOPLIST_KEY_UISupportedInterfaceOrientations_iPad = "UIInterfaceOrientationPortrait UIInterfaceOrientationPortraitUpsideDown UIInterfaceOrientationLandscapeLeft UIInterfaceOrientationLandscapeRight";
				INFOPLIST_KEY_UISupportedInterfaceOrientations_iPhone = "UIInterfaceOrientationPortrait UIInterfaceOrientationLandscapeLeft UIInterfaceOrientationLandscapeRight";
				IPHONEOS_DEPLOYMENT_TARGET = 16.0;
				LD_RUNPATH_SEARCH_PATHS = (
					"$(inherited)",
					"@executable_path/Frameworks",
				);
				MARKETING_VERSION = 1.0;
				PRODUCT_BUNDLE_IDENTIFIER = com.shawlu95.BrightSky;
				PRODUCT_NAME = "$(TARGET_NAME)";
				SWIFT_EMIT_LOC_STRINGS = YES;
				SWIFT_VERSION = 5.0;
				TARGETED_DEVICE_FAMILY = "1,2";
			};
			name = Debug;
		};
		1BCD6AD02B2692BC000A274D /* Release */ = {
			isa = XCBuildConfiguration;
			buildSettings = {
				ASSETCATALOG_COMPILER_APPICON_NAME = AppIcon;
				ASSETCATALOG_COMPILER_GLOBAL_ACCENT_COLOR_NAME = AccentColor;
				CODE_SIGN_ENTITLEMENTS = BrightSky/BrightSky.entitlements;
				CODE_SIGN_STYLE = Automatic;
				CURRENT_PROJECT_VERSION = 1;
				DEVELOPMENT_TEAM = K7U2974RH8;
				GENERATE_INFOPLIST_FILE = YES;
				INFOPLIST_FILE = BrightSky/Info.plist;
				INFOPLIST_KEY_UIApplicationSupportsIndirectInputEvents = YES;
				INFOPLIST_KEY_UILaunchStoryboardName = LaunchScreen;
				INFOPLIST_KEY_UISupportedInterfaceOrientations_iPad = "UIInterfaceOrientationPortrait UIInterfaceOrientationPortraitUpsideDown UIInterfaceOrientationLandscapeLeft UIInterfaceOrientationLandscapeRight";
				INFOPLIST_KEY_UISupportedInterfaceOrientations_iPhone = "UIInterfaceOrientationPortrait UIInterfaceOrientationLandscapeLeft UIInterfaceOrientationLandscapeRight";
				IPHONEOS_DEPLOYMENT_TARGET = 16.0;
				LD_RUNPATH_SEARCH_PATHS = (
					"$(inherited)",
					"@executable_path/Frameworks",
				);
				MARKETING_VERSION = 1.0;
				PRODUCT_BUNDLE_IDENTIFIER = com.shawlu95.BrightSky;
				PRODUCT_NAME = "$(TARGET_NAME)";
				SWIFT_EMIT_LOC_STRINGS = YES;
				SWIFT_VERSION = 5.0;
				TARGETED_DEVICE_FAMILY = "1,2";
			};
			name = Release;
		};
/* End XCBuildConfiguration section */

/* Begin XCConfigurationList section */
		1BCD6AB52B2692BB000A274D /* Build configuration list for PBXProject "BrightSky" */ = {
			isa = XCConfigurationList;
			buildConfigurations = (
				1BCD6ACC2B2692BC000A274D /* Debug */,
				1BCD6ACD2B2692BC000A274D /* Release */,
			);
			defaultConfigurationIsVisible = 0;
			defaultConfigurationName = Release;
		};
		1BCD6ACE2B2692BC000A274D /* Build configuration list for PBXNativeTarget "BrightSky" */ = {
			isa = XCConfigurationList;
			buildConfigurations = (
				1BCD6ACF2B2692BC000A274D /* Debug */,
				1BCD6AD02B2692BC000A274D /* Release */,
			);
			defaultConfigurationIsVisible = 0;
			defaultConfigurationName = Release;
		};
/* End XCConfigurationList section */
	};
	rootObject = 1BCD6AB22B2692BB000A274D /* Project object */;
}
